
Microsoft Visual Studio Solution File, Format Version 12.00
# Visual Studio Version 17
VisualStudioVersion = 17.8.34322.80
MinimumVisualStudioVersion = 10.0.40219.1
Project("{FAE04EC0-301F-11D3-BF4B-00C04F79EFBC}") = "WindowsFormsApp7", "WindowsFormsApp7\WindowsFormsApp7.csproj", "{4919EDD7-8A6F-44A7-9BD6-7E2823F7ADC2}"
EndProject
Global
	GlobalSection(SolutionConfigurationPlatforms) = preSolution
		Debug|Any CPU = Debug|Any CPU
		Release|Any CPU = Release|Any CPU
	EndGlobalSection
	GlobalSection(ProjectConfigurationPlatforms) = postSolution
		{4919EDD7-8A6F-44A7-9BD6-7E2823F7ADC2}.Debug|Any CPU.ActiveCfg = Debug|Any CPU
		{4919EDD7-8A6F-44A7-9BD6-7E2823F7ADC2}.Debug|Any CPU.Build.0 = Debug|Any CPU
		{4919EDD7-8A6F-44A7-9BD6-7E2823F7ADC2}.Release|Any CPU.ActiveCfg = Release|Any CPU
		{4919EDD7-8A6F-44A7-9BD6-7E2823F7ADC2}.Release|Any CPU.Build.0 = Release|Any CPU
	EndGlobalSection
	GlobalSection(SolutionProperties) = preSolution
		HideSolutionNode = FALSE
	EndGlobalSection
	GlobalSection(ExtensibilityGlobals) = postSolution
		SolutionGuid = {CE6A20F5-4ABD-432B-A807-C737C8AF2688}
	EndGlobalSection
EndGlobal
